{
  "name": "module-iterator",
  "version": "1.0.0",
  "lockfileVersion": 1,
  "requires": true,
  "dependencies": {
    "@babel/code-frame": {
      "version": "7.18.6",
      "resolved": "http://registry.npm.release.ctripcorp.com/@babel/code-frame/download/@babel/code-frame-7.18.6.tgz",
      "integrity": "sha1-OyXTjIlgC6otzCGe36iKdOssQno=",
      "requires": {
        "@babel/highlight": "^7.18.6"
      }
    },
    "@babel/generator": {
      "version": "7.20.14",
      "resolved": "http://registry.npm.release.ctripcorp.com/@babel/generator/download/@babel/generator-7.20.14.tgz",
      "integrity": "sha1-n6dyyfhqRsasmzIQOUAHErlvZM4=",
      "requires": {
        "@babel/types": "^7.20.7",
        "@jridgewell/gen-mapping": "^0.3.2",
        "jsesc": "^2.5.1"
      }
    },
    "@babel/helper-environment-visitor": {
      "version": "7.18.9",
      "resolved": "http://registry.npm.release.ctripcorp.com/@babel/helper-environment-visitor/download/@babel/helper-environment-visitor-7.18.9.tgz",
      "integrity": "sha1-DAzumzXSyhkEeHVoZbs1KEIvUb4="
    },
    "@babel/helper-function-name": {
      "version": "7.19.0",
      "resolved": "http://registry.npm.release.ctripcorp.com/@babel/helper-function-name/download/@babel/helper-function-name-7.19.0.tgz",
      "integrity": "sha1-lBV07VOQaC6HLlLT84zp0b70ZIw=",
      "requires": {
        "@babel/template": "^7.18.10",
        "@babel/types": "^7.19.0"
      }
    },
    "@babel/helper-hoist-variables": {
      "version": "7.18.6",
      "resolved": "http://registry.npm.release.ctripcorp.com/@babel/helper-hoist-variables/download/@babel/helper-hoist-variables-7.18.6.tgz",
      "integrity": "sha1-1NLI+0uuqlxouZzIJFxWVU+SZng=",
      "requires": {
        "@babel/types": "^7.18.6"
      }
    },
    "@babel/helper-split-export-declaration": {
      "version": "7.18.6",
      "resolved": "http://registry.npm.release.ctripcorp.com/@babel/helper-split-export-declaration/download/@babel/helper-split-export-declaration-7.18.6.tgz",
      "integrity": "sha1-c2eUm8dbIMbVpdSpe7ooJK6O8HU=",
      "requires": {
        "@babel/types": "^7.18.6"
      }
    },
    "@babel/helper-string-parser": {
      "version": "7.19.4",
      "resolved": "http://registry.npm.release.ctripcorp.com/@babel/helper-string-parser/download/@babel/helper-string-parser-7.19.4.tgz",
      "integrity": "sha1-ONOstlS0cBqbd/sGFalvd1w6nmM="
    },
    "@babel/helper-validator-identifier": {
      "version": "7.19.1",
      "resolved": "http://registry.npm.release.ctripcorp.com/@babel/helper-validator-identifier/download/@babel/helper-validator-identifier-7.19.1.tgz",
      "integrity": "sha1-fuqDTPMpAf/cGn7lVeL5wn4knKI="
    },
    "@babel/highlight": {
      "version": "7.18.6",
      "resolved": "http://registry.npm.release.ctripcorp.com/@babel/highlight/download/@babel/highlight-7.18.6.tgz",
      "integrity": "sha1-gRWGAek+JWN5Wty/vfXWS+Py7N8=",
      "requires": {
        "@babel/helper-validator-identifier": "^7.18.6",
        "chalk": "^2.0.0",
        "js-tokens": "^4.0.0"
      }
    },
    "@babel/parser": {
      "version": "7.20.13",
      "resolved": "http://registry.npm.release.ctripcorp.com/@babel/parser/download/@babel/parser-7.20.13.tgz",
      "integrity": "sha1-3fHrWoE1iNL7FpK3DG/OdblFwIg="
    },
    "@babel/template": {
      "version": "7.20.7",
      "resolved": "http://registry.npm.release.ctripcorp.com/@babel/template/download/@babel/template-7.20.7.tgz",
      "integrity": "sha1-oVCQwoOag7AqqZbAtJlABYQf1ag=",
      "requires": {
        "@babel/code-frame": "^7.18.6",
        "@babel/parser": "^7.20.7",
        "@babel/types": "^7.20.7"
      }
    },
    "@babel/traverse": {
      "version": "7.20.13",
      "resolved": "http://registry.npm.release.ctripcorp.com/@babel/traverse/download/@babel/traverse-7.20.13.tgz",
      "integrity": "sha1-gXwboT0RrMyolHi9VIGy0WjQdHM=",
      "requires": {
        "@babel/code-frame": "^7.18.6",
        "@babel/generator": "^7.20.7",
        "@babel/helper-environment-visitor": "^7.18.9",
        "@babel/helper-function-name": "^7.19.0",
        "@babel/helper-hoist-variables": "^7.18.6",
        "@babel/helper-split-export-declaration": "^7.18.6",
        "@babel/parser": "^7.20.13",
        "@babel/types": "^7.20.7",
        "debug": "^4.1.0",
        "globals": "^11.1.0"
      }
    },
    "@babel/types": {
      "version": "7.20.7",
      "resolved": "http://registry.npm.release.ctripcorp.com/@babel/types/download/@babel/types-7.20.7.tgz",
      "integrity": "sha1-VOx14lIxhCP8B/tkTcalimTAm38=",
      "requires": {
        "@babel/helper-string-parser": "^7.19.4",
        "@babel/helper-validator-identifier": "^7.19.1",
        "to-fast-properties": "^2.0.0"
      }
    },
    "@jridgewell/gen-mapping": {
      "version": "0.3.2",
      "resolved": "http://registry.npm.release.ctripcorp.com/@jridgewell/gen-mapping/download/@jridgewell/gen-mapping-0.3.2.tgz",
      "integrity": "sha1-wa7cYehT8rufXf5tRELTtWWyU7k=",
      "requires": {
        "@jridgewell/set-array": "^1.0.1",
        "@jridgewell/sourcemap-codec": "^1.4.10",
        "@jridgewell/trace-mapping": "^0.3.9"
      }
    },
    "@jridgewell/resolve-uri": {
      "version": "3.1.0",
      "resolved": "http://registry.npm.release.ctripcorp.com/@jridgewell/resolve-uri/download/@jridgewell/resolve-uri-3.1.0.tgz",
      "integrity": "sha1-IgOxGMFXchrd/mnUe3BGVGMGbXg="
    },
    "@jridgewell/set-array": {
      "version": "1.1.2",
      "resolved": "http://registry.npm.release.ctripcorp.com/@jridgewell/set-array/download/@jridgewell/set-array-1.1.2.tgz",
      "integrity": "sha1-fGz5mNbSC5FMClWpGuko/yWWXnI="
    },
    "@jridgewell/sourcemap-codec": {
      "version": "1.4.14",
      "resolved": "http://registry.npm.release.ctripcorp.com/@jridgewell/sourcemap-codec/download/@jridgewell/sourcemap-codec-1.4.14.tgz",
      "integrity": "sha1-rdTJjTQUcqKJGQtCTvvbCWmRuyQ="
    },
    "@jridgewell/trace-mapping": {
      "version": "0.3.17",
      "resolved": "http://registry.npm.release.ctripcorp.com/@jridgewell/trace-mapping/download/@jridgewell/trace-mapping-0.3.17.tgz",
      "integrity": "sha1-eTBBJ3r5BzsJUaf+Dw2MTJjDaYU=",
      "requires": {
        "@jridgewell/resolve-uri": "3.1.0",
        "@jridgewell/sourcemap-codec": "1.4.14"
      }
    },
    "ansi-styles": {
      "version": "3.2.1",
      "resolved": "http://registry.npm.release.ctripcorp.com/ansi-styles/download/ansi-styles-3.2.1.tgz",
      "integrity": "sha1-QfuyAkPlCxK+DwS43tvwdSDOhB0=",
      "requires": {
        "color-convert": "^1.9.0"
      }
    },
    "chalk": {
      "version": "2.4.2",
      "resolved": "http://registry.npm.release.ctripcorp.com/chalk/download/chalk-2.4.2.tgz",
      "integrity": "sha1-zUJUFnelQzPPVBpJEIwUMrRMlCQ=",
      "requires": {
        "ansi-styles": "^3.2.1",
        "escape-string-regexp": "^1.0.5",
        "supports-color": "^5.3.0"
      }
    },
    "color-convert": {
      "version": "1.9.3",
      "resolved": "http://registry.npm.release.ctripcorp.com/color-convert/download/color-convert-1.9.3.tgz",
      "integrity": "sha1-u3GFBpDh8TZWfeYp0tVHHe2kweg=",
      "requires": {
        "color-name": "1.1.3"
      }
    },
    "color-name": {
      "version": "1.1.3",
      "resolved": "http://registry.npm.release.ctripcorp.com/color-name/download/color-name-1.1.3.tgz",
      "integrity": "sha1-p9BVi9icQveV3UIyj3QIMcpTvCU="
    },
    "debug": {
      "version": "4.3.4",
      "resolved": "http://registry.npm.release.ctripcorp.com/debug/download/debug-4.3.4.tgz",
      "integrity": "sha1-Exn2V5NX8jONMzfSzdSRS7XcyGU=",
      "requires": {
        "ms": "2.1.2"
      }
    },
    "escape-string-regexp": {
      "version": "1.0.5",
      "resolved": "http://registry.npm.release.ctripcorp.com/escape-string-regexp/download/escape-string-regexp-1.0.5.tgz",
      "integrity": "sha1-G2HAViGQqN/2rjuyzwIAyhMLhtQ="
    },
    "globals": {
      "version": "11.12.0",
      "resolved": "http://registry.npm.release.ctripcorp.com/globals/download/globals-11.12.0.tgz",
      "integrity": "sha1-q4eVM4hooLq9hSV1gBjCp+uVxC4="
    },
    "has-flag": {
      "version": "3.0.0",
      "resolved": "http://registry.npm.release.ctripcorp.com/has-flag/download/has-flag-3.0.0.tgz",
      "integrity": "sha1-tdRU3CGZriJWmfNGfloH87lVuv0="
    },
    "js-tokens": {
      "version": "4.0.0",
      "resolved": "http://registry.npm.release.ctripcorp.com/js-tokens/download/js-tokens-4.0.0.tgz",
      "integrity": "sha1-GSA/tZmR35jjoocFDUZHzerzJJk="
    },
    "jsesc": {
      "version": "2.5.2",
      "resolved": "http://registry.npm.release.ctripcorp.com/jsesc/download/jsesc-2.5.2.tgz",
      "integrity": "sha1-gFZNLkg9rPbo7yCWUKZ98/DCg6Q="
    },
    "ms": {
      "version": "2.1.2",
      "resolved": "http://registry.npm.release.ctripcorp.com/ms/download/ms-2.1.2.tgz",
      "integrity": "sha1-0J0fNXtEP0kzgqjrPM0YOHKuYAk="
    },
    "supports-color": {
      "version": "5.5.0",
      "resolved": "http://registry.npm.release.ctripcorp.com/supports-color/download/supports-color-5.5.0.tgz",
      "integrity": "sha1-4uaaRKyHcveKHsCzW2id9lMO/I8=",
      "requires": {
        "has-flag": "^3.0.0"
      }
    },
    "to-fast-properties": {
      "version": "2.0.0",
      "resolved": "http://registry.npm.release.ctripcorp.com/to-fast-properties/download/to-fast-properties-2.0.0.tgz",
      "integrity": "sha1-3F5pjL0HkmW8c+A3doGk5Og/YW4="
    }
  }
}
